
Microsoft Visual Studio Solution File, Format Version 12.00
Project("{2150E333-8FDC-42A3-9474-1A3956D46DE8}") = "northwind", "northwind", "{F40B10E5-47EA-448B-97AB-9CE5EAD9CA32}"
EndProject
Project("{FAE04EC0-301F-11D3-BF4B-00C04F79EFBC}") = "dbupdates", "dbupdates\dbupdates.csproj", "{39F5D637-92CF-4162-A667-53155E3AA85B}"
EndProject
Project("{2150E333-8FDC-42A3-9474-1A3956D46DE8}") = "roulette", "roulette", "{001149D4-939E-4EDF-BD72-C84471D8DA11}"
EndProject
Project("{2150E333-8FDC-42A3-9474-1A3956D46DE8}") = "Data", "Data", "{0DD1F756-BB75-42BF-BD05-B5E23D013443}"
EndProject
Project("{2150E333-8FDC-42A3-9474-1A3956D46DE8}") = "migrations", "migrations", "{2C96B199-10AF-41B4-B4B7-067F2CB5F507}"
EndProject
Project("{2150E333-8FDC-42A3-9474-1A3956D46DE8}") = "services", "services", "{C746AF7E-7E29-4ED1-BBF6-98965F10DD83}"
EndProject
Project("{FAE04EC0-301F-11D3-BF4B-00C04F79EFBC}") = "shared", "shared\shared.csproj", "{F8ADB3E8-97D3-4985-BF71-6E1B8E39511C}"
EndProject
Project("{FAE04EC0-301F-11D3-BF4B-00C04F79EFBC}") = "WebApi", "WebApi\WebApi.csproj", "{7455DDD5-CDB8-4D8E-B91B-36A491F28432}"
EndProject
Project("{FAE04EC0-301F-11D3-BF4B-00C04F79EFBC}") = "repository", "repository\repository.csproj", "{6CA55951-6E04-4BDF-89B7-4FE9FA586EF4}"
EndProject
Project("{FAE04EC0-301F-11D3-BF4B-00C04F79EFBC}") = "unitTests", "unitTests\unitTests.csproj", "{18A397FF-0BF9-49FB-A471-A998B5C37699}"
EndProject
Global
	GlobalSection(SolutionConfigurationPlatforms) = preSolution
		Debug|Any CPU = Debug|Any CPU
		Release|Any CPU = Release|Any CPU
	EndGlobalSection
	GlobalSection(NestedProjects) = preSolution
		{39F5D637-92CF-4162-A667-53155E3AA85B} = {F40B10E5-47EA-448B-97AB-9CE5EAD9CA32}
		{0DD1F756-BB75-42BF-BD05-B5E23D013443} = {001149D4-939E-4EDF-BD72-C84471D8DA11}
		{2C96B199-10AF-41B4-B4B7-067F2CB5F507} = {0DD1F756-BB75-42BF-BD05-B5E23D013443}
		{C746AF7E-7E29-4ED1-BBF6-98965F10DD83} = {001149D4-939E-4EDF-BD72-C84471D8DA11}
		{F8ADB3E8-97D3-4985-BF71-6E1B8E39511C} = {C746AF7E-7E29-4ED1-BBF6-98965F10DD83}
		{7455DDD5-CDB8-4D8E-B91B-36A491F28432} = {C746AF7E-7E29-4ED1-BBF6-98965F10DD83}
		{6CA55951-6E04-4BDF-89B7-4FE9FA586EF4} = {0DD1F756-BB75-42BF-BD05-B5E23D013443}
	EndGlobalSection
	GlobalSection(ProjectConfigurationPlatforms) = postSolution
		{39F5D637-92CF-4162-A667-53155E3AA85B}.Debug|Any CPU.ActiveCfg = Debug|Any CPU
		{39F5D637-92CF-4162-A667-53155E3AA85B}.Debug|Any CPU.Build.0 = Debug|Any CPU
		{39F5D637-92CF-4162-A667-53155E3AA85B}.Release|Any CPU.ActiveCfg = Release|Any CPU
		{39F5D637-92CF-4162-A667-53155E3AA85B}.Release|Any CPU.Build.0 = Release|Any CPU
		{F8ADB3E8-97D3-4985-BF71-6E1B8E39511C}.Debug|Any CPU.ActiveCfg = Debug|Any CPU
		{F8ADB3E8-97D3-4985-BF71-6E1B8E39511C}.Debug|Any CPU.Build.0 = Debug|Any CPU
		{F8ADB3E8-97D3-4985-BF71-6E1B8E39511C}.Release|Any CPU.ActiveCfg = Release|Any CPU
		{F8ADB3E8-97D3-4985-BF71-6E1B8E39511C}.Release|Any CPU.Build.0 = Release|Any CPU
		{7455DDD5-CDB8-4D8E-B91B-36A491F28432}.Debug|Any CPU.ActiveCfg = Debug|Any CPU
		{7455DDD5-CDB8-4D8E-B91B-36A491F28432}.Debug|Any CPU.Build.0 = Debug|Any CPU
		{7455DDD5-CDB8-4D8E-B91B-36A491F28432}.Release|Any CPU.ActiveCfg = Release|Any CPU
		{7455DDD5-CDB8-4D8E-B91B-36A491F28432}.Release|Any CPU.Build.0 = Release|Any CPU
		{6CA55951-6E04-4BDF-89B7-4FE9FA586EF4}.Debug|Any CPU.ActiveCfg = Debug|Any CPU
		{6CA55951-6E04-4BDF-89B7-4FE9FA586EF4}.Debug|Any CPU.Build.0 = Debug|Any CPU
		{6CA55951-6E04-4BDF-89B7-4FE9FA586EF4}.Release|Any CPU.ActiveCfg = Release|Any CPU
		{6CA55951-6E04-4BDF-89B7-4FE9FA586EF4}.Release|Any CPU.Build.0 = Release|Any CPU
		{18A397FF-0BF9-49FB-A471-A998B5C37699}.Debug|Any CPU.ActiveCfg = Debug|Any CPU
		{18A397FF-0BF9-49FB-A471-A998B5C37699}.Debug|Any CPU.Build.0 = Debug|Any CPU
		{18A397FF-0BF9-49FB-A471-A998B5C37699}.Release|Any CPU.ActiveCfg = Release|Any CPU
		{18A397FF-0BF9-49FB-A471-A998B5C37699}.Release|Any CPU.Build.0 = Release|Any CPU
	EndGlobalSection
EndGlobal
